
Microsoft Visual Studio Solution File, Format Version 12.00
Project("{FAE04EC0-301F-11D3-BF4B-00C04F79EFBC}") = "RetailManagerDataManagemeent.Api", "RetailManagerDataManagemeent.Api\RetailManagerDataManagemeent.Api.csproj", "{E940AEC4-93ED-4EF0-9B34-9D49B9C14A7E}"
EndProject
Project("{FAE04EC0-301F-11D3-BF4B-00C04F79EFBC}") = "BridgeAuthenticationConfigBetweenProject.Library", "BridgeAuthenticationConfigBetweenProject.Library\BridgeAuthenticationConfigBetweenProject.Library.csproj", "{A5676156-96DC-457F-9819-8B5EDD8F7866}"
EndProject
Project("{FAE04EC0-301F-11D3-BF4B-00C04F79EFBC}") = "RMWPFUserInterfice", "RMWPFUserInterfice\RMWPFUserInterfice.csproj", "{CE2CD78D-B849-4CEB-A67A-BE089A0CF488}"
EndProject
Project("{FAE04EC0-301F-11D3-BF4B-00C04F79EFBC}") = "RM.Library", "RM.Library\RM.Library.csproj", "{039BD4CB-79AD-4499-8B42-A18CC605540F}"
EndProject
Project("{FAE04EC0-301F-11D3-BF4B-00C04F79EFBC}") = "RMWPFUserInterface.Library", "RMWPFUserInterface.Library\RMWPFUserInterface.Library.csproj", "{74CB51FC-9230-4F52-B664-6AD9857A134E}"
EndProject
Project("{2150E333-8FDC-42A3-9474-1A3956D46DE8}") = "Api", "Api", "{24349BC2-8C44-4CBC-BC01-01D6A23B8A36}"
EndProject
Project("{2150E333-8FDC-42A3-9474-1A3956D46DE8}") = "WPF", "WPF", "{EC6D6B4C-98EA-4B49-819A-8C9ED03EF1A7}"
EndProject
Project("{2150E333-8FDC-42A3-9474-1A3956D46DE8}") = "Database", "Database", "{79A8255A-54F0-44AB-901C-F0452917E254}"
EndProject
Project("{FAE04EC0-301F-11D3-BF4B-00C04F79EFBC}") = "Portal", "Portal\Portal.csproj", "{CEDF9DEC-C2CD-48C7-9E7B-4B1A9254DE99}"
EndProject
Global
	GlobalSection(SolutionConfigurationPlatforms) = preSolution
		Debug|Any CPU = Debug|Any CPU
		Release|Any CPU = Release|Any CPU
	EndGlobalSection
	GlobalSection(ProjectConfigurationPlatforms) = postSolution
		{E940AEC4-93ED-4EF0-9B34-9D49B9C14A7E}.Debug|Any CPU.ActiveCfg = Debug|Any CPU
		{E940AEC4-93ED-4EF0-9B34-9D49B9C14A7E}.Debug|Any CPU.Build.0 = Debug|Any CPU
		{E940AEC4-93ED-4EF0-9B34-9D49B9C14A7E}.Release|Any CPU.ActiveCfg = Release|Any CPU
		{E940AEC4-93ED-4EF0-9B34-9D49B9C14A7E}.Release|Any CPU.Build.0 = Release|Any CPU
		{A5676156-96DC-457F-9819-8B5EDD8F7866}.Debug|Any CPU.ActiveCfg = Debug|Any CPU
		{A5676156-96DC-457F-9819-8B5EDD8F7866}.Debug|Any CPU.Build.0 = Debug|Any CPU
		{A5676156-96DC-457F-9819-8B5EDD8F7866}.Release|Any CPU.ActiveCfg = Release|Any CPU
		{A5676156-96DC-457F-9819-8B5EDD8F7866}.Release|Any CPU.Build.0 = Release|Any CPU
		{CE2CD78D-B849-4CEB-A67A-BE089A0CF488}.Debug|Any CPU.ActiveCfg = Debug|Any CPU
		{CE2CD78D-B849-4CEB-A67A-BE089A0CF488}.Debug|Any CPU.Build.0 = Debug|Any CPU
		{CE2CD78D-B849-4CEB-A67A-BE089A0CF488}.Release|Any CPU.ActiveCfg = Release|Any CPU
		{CE2CD78D-B849-4CEB-A67A-BE089A0CF488}.Release|Any CPU.Build.0 = Release|Any CPU
		{039BD4CB-79AD-4499-8B42-A18CC605540F}.Debug|Any CPU.ActiveCfg = Debug|Any CPU
		{039BD4CB-79AD-4499-8B42-A18CC605540F}.Debug|Any CPU.Build.0 = Debug|Any CPU
		{039BD4CB-79AD-4499-8B42-A18CC605540F}.Release|Any CPU.ActiveCfg = Release|Any CPU
		{039BD4CB-79AD-4499-8B42-A18CC605540F}.Release|Any CPU.Build.0 = Release|Any CPU
		{74CB51FC-9230-4F52-B664-6AD9857A134E}.Debug|Any CPU.ActiveCfg = Debug|Any CPU
		{74CB51FC-9230-4F52-B664-6AD9857A134E}.Debug|Any CPU.Build.0 = Debug|Any CPU
		{74CB51FC-9230-4F52-B664-6AD9857A134E}.Release|Any CPU.ActiveCfg = Release|Any CPU
		{74CB51FC-9230-4F52-B664-6AD9857A134E}.Release|Any CPU.Build.0 = Release|Any CPU
		{CEDF9DEC-C2CD-48C7-9E7B-4B1A9254DE99}.Debug|Any CPU.ActiveCfg = Debug|Any CPU
		{CEDF9DEC-C2CD-48C7-9E7B-4B1A9254DE99}.Debug|Any CPU.Build.0 = Debug|Any CPU
		{CEDF9DEC-C2CD-48C7-9E7B-4B1A9254DE99}.Release|Any CPU.ActiveCfg = Release|Any CPU
		{CEDF9DEC-C2CD-48C7-9E7B-4B1A9254DE99}.Release|Any CPU.Build.0 = Release|Any CPU
	EndGlobalSection
	GlobalSection(NestedProjects) = preSolution
		{A5676156-96DC-457F-9819-8B5EDD8F7866} = {24349BC2-8C44-4CBC-BC01-01D6A23B8A36}
		{E940AEC4-93ED-4EF0-9B34-9D49B9C14A7E} = {24349BC2-8C44-4CBC-BC01-01D6A23B8A36}
		{74CB51FC-9230-4F52-B664-6AD9857A134E} = {EC6D6B4C-98EA-4B49-819A-8C9ED03EF1A7}
		{CE2CD78D-B849-4CEB-A67A-BE089A0CF488} = {EC6D6B4C-98EA-4B49-819A-8C9ED03EF1A7}
		{039BD4CB-79AD-4499-8B42-A18CC605540F} = {79A8255A-54F0-44AB-901C-F0452917E254}
	EndGlobalSection
EndGlobal
